
Microsoft Visual Studio Solution File, Format Version 12.00
# Visual Studio 15
VisualStudioVersion = 15.0.27130.2024
MinimumVisualStudioVersion = 10.0.40219.1
Project("{FAE04EC0-301F-11D3-BF4B-00C04F79EFBC}") = "WpfPrettified2", "WpfPrettified2\WpfPrettified2.csproj", "{232E0AFC-F7B6-48C1-8042-3D67CFBB281D}"
EndProject
Global
	GlobalSection(SolutionConfigurationPlatforms) = preSolution
		Debug|Any CPU = Debug|Any CPU
		Release|Any CPU = Release|Any CPU
	EndGlobalSection
	GlobalSection(ProjectConfigurationPlatforms) = postSolution
		{232E0AFC-F7B6-48C1-8042-3D67CFBB281D}.Debug|Any CPU.ActiveCfg = Debug|Any CPU
		{232E0AFC-F7B6-48C1-8042-3D67CFBB281D}.Debug|Any CPU.Build.0 = Debug|Any CPU
		{232E0AFC-F7B6-48C1-8042-3D67CFBB281D}.Release|Any CPU.ActiveCfg = Release|Any CPU
		{232E0AFC-F7B6-48C1-8042-3D67CFBB281D}.Release|Any CPU.Build.0 = Release|Any CPU
	EndGlobalSection
	GlobalSection(SolutionProperties) = preSolution
		HideSolutionNode = FALSE
	EndGlobalSection
	GlobalSection(ExtensibilityGlobals) = postSolution
		SolutionGuid = {61E105CA-CF9F-42D6-9416-2B73F006D161}
	EndGlobalSection
EndGlobal
